
Microsoft Visual Studio Solution File, Format Version 12.00
# Visual Studio Version 17
VisualStudioVersion = 17.2.32616.157
MinimumVisualStudioVersion = 10.0.40219.1
Project("{9A19103F-16F7-4668-BE54-9A1E7A4F7556}") = "Subfloor.Dtos", "Subfloor.Dtos\Subfloor.Dtos.csproj", "{8B662C3E-294C-4B9F-8ABB-CE2BF9F2A49D}"
EndProject
Project("{9A19103F-16F7-4668-BE54-9A1E7A4F7556}") = "Subfloor.ApiClient", "Subfloor.ApiClient\Subfloor.ApiClient.csproj", "{4AF4C185-DB14-46E1-9468-6C46E1CDD291}"
EndProject
Project("{9A19103F-16F7-4668-BE54-9A1E7A4F7556}") = "Subfloor.Data", "Subfloor.Data\Subfloor.Data.csproj", "{62089745-14D5-41CF-8D96-A2FC4B632BFD}"
EndProject
Global
	GlobalSection(SolutionConfigurationPlatforms) = preSolution
		Debug|Any CPU = Debug|Any CPU
		Release|Any CPU = Release|Any CPU
	EndGlobalSection
	GlobalSection(ProjectConfigurationPlatforms) = postSolution
		{8B662C3E-294C-4B9F-8ABB-CE2BF9F2A49D}.Debug|Any CPU.ActiveCfg = Debug|Any CPU
		{8B662C3E-294C-4B9F-8ABB-CE2BF9F2A49D}.Debug|Any CPU.Build.0 = Debug|Any CPU
		{8B662C3E-294C-4B9F-8ABB-CE2BF9F2A49D}.Release|Any CPU.ActiveCfg = Release|Any CPU
		{8B662C3E-294C-4B9F-8ABB-CE2BF9F2A49D}.Release|Any CPU.Build.0 = Release|Any CPU
		{4AF4C185-DB14-46E1-9468-6C46E1CDD291}.Debug|Any CPU.ActiveCfg = Debug|Any CPU
		{4AF4C185-DB14-46E1-9468-6C46E1CDD291}.Debug|Any CPU.Build.0 = Debug|Any CPU
		{4AF4C185-DB14-46E1-9468-6C46E1CDD291}.Release|Any CPU.ActiveCfg = Release|Any CPU
		{4AF4C185-DB14-46E1-9468-6C46E1CDD291}.Release|Any CPU.Build.0 = Release|Any CPU
		{62089745-14D5-41CF-8D96-A2FC4B632BFD}.Debug|Any CPU.ActiveCfg = Debug|Any CPU
		{62089745-14D5-41CF-8D96-A2FC4B632BFD}.Debug|Any CPU.Build.0 = Debug|Any CPU
		{62089745-14D5-41CF-8D96-A2FC4B632BFD}.Release|Any CPU.ActiveCfg = Release|Any CPU
		{62089745-14D5-41CF-8D96-A2FC4B632BFD}.Release|Any CPU.Build.0 = Release|Any CPU
	EndGlobalSection
	GlobalSection(SolutionProperties) = preSolution
		HideSolutionNode = FALSE
	EndGlobalSection
	GlobalSection(ExtensibilityGlobals) = postSolution
		SolutionGuid = {DA8FEBE4-7438-4540-AB1C-2A80A0576295}
	EndGlobalSection
EndGlobal
